
Microsoft Visual Studio Solution File, Format Version 12.00
# Visual Studio Version 17
VisualStudioVersion = 17.2.32519.379
MinimumVisualStudioVersion = 10.0.40219.1
Project("{FAE04EC0-301F-11D3-BF4B-00C04F79EFBC}") = "CI-CD-CoreMVC", "CI-CD-CoreMVC\CI-CD-CoreMVC.csproj", "{4460FC96-B0D7-4917-A171-CEAD914E96DC}"
EndProject
Global
	GlobalSection(SolutionConfigurationPlatforms) = preSolution
		Debug|Any CPU = Debug|Any CPU
		Release|Any CPU = Release|Any CPU
	EndGlobalSection
	GlobalSection(ProjectConfigurationPlatforms) = postSolution
		{4460FC96-B0D7-4917-A171-CEAD914E96DC}.Debug|Any CPU.ActiveCfg = Debug|Any CPU
		{4460FC96-B0D7-4917-A171-CEAD914E96DC}.Debug|Any CPU.Build.0 = Debug|Any CPU
		{4460FC96-B0D7-4917-A171-CEAD914E96DC}.Release|Any CPU.ActiveCfg = Release|Any CPU
		{4460FC96-B0D7-4917-A171-CEAD914E96DC}.Release|Any CPU.Build.0 = Release|Any CPU
	EndGlobalSection
	GlobalSection(SolutionProperties) = preSolution
		HideSolutionNode = FALSE
	EndGlobalSection
	GlobalSection(ExtensibilityGlobals) = postSolution
		SolutionGuid = {4020A5FE-BE64-4860-AAEB-2A6C615CF544}
	EndGlobalSection
EndGlobal
